// !$*UTF8*$!
{
	archiveVersion = 1;
	classes = {
	};
	objectVersion = 48;
	objects = {

/* Begin PBXBuildFile section */
		AF4CD3991F2E87BD0025B895 /* DroppablePin.swift in Sources */ = {isa = PBXBuildFile; fileRef = AF4CD3981F2E87BD0025B895 /* DroppablePin.swift */; };
		AFD463D41F2E730D00A8FB1F /* AppDelegate.swift in Sources */ = {isa = PBXBuildFile; fileRef = AFD463D31F2E730D00A8FB1F /* AppDelegate.swift */; };
		AFD463D61F2E730D00A8FB1F /* MapVC.swift in Sources */ = {isa = PBXBuildFile; fileRef = AFD463D51F2E730D00A8FB1F /* MapVC.swift */; };
		AFD463D91F2E730D00A8FB1F /* Main.storyboard in Resources */ = {isa = PBXBuildFile; fileRef = AFD463D71F2E730D00A8FB1F /* Main.storyboard */; };
		AFD463DB1F2E730D00A8FB1F /* Assets.xcassets in Resources */ = {isa = PBXBuildFile; fileRef = AFD463DA1F2E730D00A8FB1F /* Assets.xcassets */; };
		AFD463DE1F2E730D00A8FB1F /* LaunchScreen.storyboard in Resources */ = {isa = PBXBuildFile; fileRef = AFD463DC1F2E730D00A8FB1F /* LaunchScreen.storyboard */; };
		AFFE43551F2F7A7A00ECAC02 /* PhotosCell.swift in Sources */ = {isa = PBXBuildFile; fileRef = AFFE43541F2F7A7A00ECAC02 /* PhotosCell.swift */; };
		FAD6588F87A3CABB8CD5A4AB /* Pods_pixel_city.framework in Frameworks */ = {isa = PBXBuildFile; fileRef = 0346AC675D5B56B43E20773A /* Pods_pixel_city.framework */; };
/* End PBXBuildFile section */

/* Begin PBXFileReference section */
		0346AC675D5B56B43E20773A /* Pods_pixel_city.framework */ = {isa = PBXFileReference; explicitFileType = wrapper.framework; includeInIndex = 0; path = Pods_pixel_city.framework; sourceTree = BUILT_PRODUCTS_DIR; };
		2C89BC4219A6126322AE03CC /* Pods-pixel-city.debug.xcconfig */ = {isa = PBXFileReference; includeInIndex = 1; lastKnownFileType = text.xcconfig; name = "Pods-pixel-city.debug.xcconfig"; path = "Pods/Target Support Files/Pods-pixel-city/Pods-pixel-city.debug.xcconfig"; sourceTree = "<group>"; };
		85CB1009BAF0A4D5EB5B68CB /* Pods-pixel-city.release.xcconfig */ = {isa = PBXFileReference; includeInIndex = 1; lastKnownFileType = text.xcconfig; name = "Pods-pixel-city.release.xcconfig"; path = "Pods/Target Support Files/Pods-pixel-city/Pods-pixel-city.release.xcconfig"; sourceTree = "<group>"; };
		AF4CD3981F2E87BD0025B895 /* DroppablePin.swift */ = {isa = PBXFileReference; lastKnownFileType = sourcecode.swift; path = DroppablePin.swift; sourceTree = "<group>"; };
		AFD463D01F2E730D00A8FB1F /* pixel-city.app */ = {isa = PBXFileReference; explicitFileType = wrapper.application; includeInIndex = 0; path = "pixel-city.app"; sourceTree = BUILT_PRODUCTS_DIR; };
		AFD463D31F2E730D00A8FB1F /* AppDelegate.swift */ = {isa = PBXFileReference; lastKnownFileType = sourcecode.swift; path = AppDelegate.swift; sourceTree = "<group>"; };
		AFD463D51F2E730D00A8FB1F /* MapVC.swift */ = {isa = PBXFileReference; lastKnownFileType = sourcecode.swift; path = MapVC.swift; sourceTree = "<group>"; };
		AFD463D81F2E730D00A8FB1F /* Base */ = {isa = PBXFileReference; lastKnownFileType = file.storyboard; name = Base; path = Base.lproj/Main.storyboard; sourceTree = "<group>"; };
		AFD463DA1F2E730D00A8FB1F /* Assets.xcassets */ = {isa = PBXFileReference; lastKnownFileType = folder.assetcatalog; path = Assets.xcassets; sourceTree = "<group>"; };
		AFD463DD1F2E730D00A8FB1F /* Base */ = {isa = PBXFileReference; lastKnownFileType = file.storyboard; name = Base; path = Base.lproj/LaunchScreen.storyboard; sourceTree = "<group>"; };
		AFD463DF1F2E730D00A8FB1F /* Info.plist */ = {isa = PBXFileReference; lastKnownFileType = text.plist.xml; path = Info.plist; sourceTree = "<group>"; };
		AFFE43541F2F7A7A00ECAC02 /* PhotosCell.swift */ = {isa = PBXFileReference; lastKnownFileType = sourcecode.swift; path = PhotosCell.swift; sourceTree = "<group>"; };
/* End PBXFileReference section */

/* Begin PBXFrameworksBuildPhase section */
		AFD463CD1F2E730D00A8FB1F /* Frameworks */ = {
			isa = PBXFrameworksBuildPhase;
			buildActionMask = 2147483647;
			files = (
				FAD6588F87A3CABB8CD5A4AB /* Pods_pixel_city.framework in Frameworks */,
			);
			runOnlyForDeploymentPostprocessing = 0;
		};
/* End PBXFrameworksBuildPhase section */

/* Begin PBXGroup section */
		4AE4E5B89494A1E34457F4AE /* Pods */ = {
			isa = PBXGroup;
			children = (
				2C89BC4219A6126322AE03CC /* Pods-pixel-city.debug.xcconfig */,
				85CB1009BAF0A4D5EB5B68CB /* Pods-pixel-city.release.xcconfig */,
			);
			name = Pods;
			sourceTree = "<group>";
		};
		AFD463C71F2E730D00A8FB1F = {
			isa = PBXGroup;
			children = (
				AFD463D21F2E730D00A8FB1F /* pixel-city */,
				AFD463D11F2E730D00A8FB1F /* Products */,
				4AE4E5B89494A1E34457F4AE /* Pods */,
				BAC21D819D5B19C77890412F /* Frameworks */,
			);
			sourceTree = "<group>";
		};
		AFD463D11F2E730D00A8FB1F /* Products */ = {
			isa = PBXGroup;
			children = (
				AFD463D01F2E730D00A8FB1F /* pixel-city.app */,
			);
			name = Products;
			sourceTree = "<group>";
		};
		AFD463D21F2E730D00A8FB1F /* pixel-city */ = {
			isa = PBXGroup;
			children = (
				AFD463E81F2E735B00A8FB1F /* Ulities */,
				AFD463E71F2E734A00A8FB1F /* Extensions */,
				AFD463E61F2E734400A8FB1F /* View */,
				AFD463E51F2E733200A8FB1F /* Controller */,
				AFD463D31F2E730D00A8FB1F /* AppDelegate.swift */,
				AFD463D71F2E730D00A8FB1F /* Main.storyboard */,
				AFD463DA1F2E730D00A8FB1F /* Assets.xcassets */,
				AFD463DC1F2E730D00A8FB1F /* LaunchScreen.storyboard */,
				AFD463DF1F2E730D00A8FB1F /* Info.plist */,
			);
			path = "pixel-city";
			sourceTree = "<group>";
		};
		AFD463E51F2E733200A8FB1F /* Controller */ = {
			isa = PBXGroup;
			children = (
				AFD463D51F2E730D00A8FB1F /* MapVC.swift */,
			);
			path = Controller;
			sourceTree = "<group>";
		};
		AFD463E61F2E734400A8FB1F /* View */ = {
			isa = PBXGroup;
			children = (
				AF4CD3981F2E87BD0025B895 /* DroppablePin.swift */,
				AFFE43541F2F7A7A00ECAC02 /* PhotosCell.swift */,
			);
			path = View;
			sourceTree = "<group>";
		};
		AFD463E71F2E734A00A8FB1F /* Extensions */ = {
			isa = PBXGroup;
			children = (
			);
			path = Extensions;
			sourceTree = "<group>";
		};
		AFD463E81F2E735B00A8FB1F /* Ulities */ = {
			isa = PBXGroup;
			children = (
			);
			path = Ulities;
			sourceTree = "<group>";
		};
		BAC21D819D5B19C77890412F /* Frameworks */ = {
			isa = PBXGroup;
			children = (
				0346AC675D5B56B43E20773A /* Pods_pixel_city.framework */,
			);
			name = Frameworks;
			sourceTree = "<group>";
		};
/* End PBXGroup section */

/* Begin PBXNativeTarget section */
		AFD463CF1F2E730D00A8FB1F /* pixel-city */ = {
			isa = PBXNativeTarget;
			buildConfigurationList = AFD463E21F2E730D00A8FB1F /* Build configuration list for PBXNativeTarget "pixel-city" */;
			buildPhases = (
				26CAB88F441FD97B69CF2DBA /* [CP] Check Pods Manifest.lock */,
				AFD463CC1F2E730D00A8FB1F /* Sources */,
				AFD463CD1F2E730D00A8FB1F /* Frameworks */,
				AFD463CE1F2E730D00A8FB1F /* Resources */,
				BF1D72223FC5CDEBB1DDA42C /* [CP] Embed Pods Frameworks */,
				0987ED3681193DD69C06DD23 /* [CP] Copy Pods Resources */,
			);
			buildRules = (
			);
			dependencies = (
			);
			name = "pixel-city";
			productName = "pixel-city";
			productReference = AFD463D01F2E730D00A8FB1F /* pixel-city.app */;
			productType = "com.apple.product-type.application";
		};
/* End PBXNativeTarget section */

/* Begin PBXProject section */
		AFD463C81F2E730D00A8FB1F /* Project object */ = {
			isa = PBXProject;
			attributes = {
				LastSwiftUpdateCheck = 0900;
				LastUpgradeCheck = 0900;
				ORGANIZATIONNAME = "Yousef Ouarghi";
				TargetAttributes = {
					AFD463CF1F2E730D00A8FB1F = {
						CreatedOnToolsVersion = 9.0;
					};
				};
			};
			buildConfigurationList = AFD463CB1F2E730D00A8FB1F /* Build configuration list for PBXProject "pixel-city" */;
			compatibilityVersion = "Xcode 8.0";
			developmentRegion = en;
			hasScannedForEncodings = 0;
			knownRegions = (
				en,
				Base,
			);
			mainGroup = AFD463C71F2E730D00A8FB1F;
			productRefGroup = AFD463D11F2E730D00A8FB1F /* Products */;
			projectDirPath = "";
			projectRoot = "";
			targets = (
				AFD463CF1F2E730D00A8FB1F /* pixel-city */,
			);
		};
/* End PBXProject section */

/* Begin PBXResourcesBuildPhase section */
		AFD463CE1F2E730D00A8FB1F /* Resources */ = {
			isa = PBXResourcesBuildPhase;
			buildActionMask = 2147483647;
			files = (
				AFD463DE1F2E730D00A8FB1F /* LaunchScreen.storyboard in Resources */,
				AFD463DB1F2E730D00A8FB1F /* Assets.xcassets in Resources */,
				AFD463D91F2E730D00A8FB1F /* Main.storyboard in Resources */,
			);
			runOnlyForDeploymentPostprocessing = 0;
		};
/* End PBXResourcesBuildPhase section */

/* Begin PBXShellScriptBuildPhase section */
		0987ED3681193DD69C06DD23 /* [CP] Copy Pods Resources */ = {
			isa = PBXShellScriptBuildPhase;
			buildActionMask = 2147483647;
			files = (
			);
			inputPaths = (
			);
			name = "[CP] Copy Pods Resources";
			outputPaths = (
			);
			runOnlyForDeploymentPostprocessing = 0;
			shellPath = /bin/sh;
			shellScript = "\"${SRCROOT}/Pods/Target Support Files/Pods-pixel-city/Pods-pixel-city-resources.sh\"\n";
			showEnvVarsInLog = 0;
		};
		26CAB88F441FD97B69CF2DBA /* [CP] Check Pods Manifest.lock */ = {
			isa = PBXShellScriptBuildPhase;
			buildActionMask = 2147483647;
			files = (
			);
			inputPaths = (
			);
			name = "[CP] Check Pods Manifest.lock";
			outputPaths = (
			);
			runOnlyForDeploymentPostprocessing = 0;
			shellPath = /bin/sh;
			shellScript = "diff \"${PODS_ROOT}/../Podfile.lock\" \"${PODS_ROOT}/Manifest.lock\" > /dev/null\nif [ $? != 0 ] ; then\n    # print error to STDERR\n    echo \"error: The sandbox is not in sync with the Podfile.lock. Run 'pod install' or update your CocoaPods installation.\" >&2\n    exit 1\nfi\n";
			showEnvVarsInLog = 0;
		};
		BF1D72223FC5CDEBB1DDA42C /* [CP] Embed Pods Frameworks */ = {
			isa = PBXShellScriptBuildPhase;
			buildActionMask = 2147483647;
			files = (
			);
			inputPaths = (
			);
			name = "[CP] Embed Pods Frameworks";
			outputPaths = (
			);
			runOnlyForDeploymentPostprocessing = 0;
			shellPath = /bin/sh;
			shellScript = "\"${SRCROOT}/Pods/Target Support Files/Pods-pixel-city/Pods-pixel-city-frameworks.sh\"\n";
			showEnvVarsInLog = 0;
		};
/* End PBXShellScriptBuildPhase section */

/* Begin PBXSourcesBuildPhase section */
		AFD463CC1F2E730D00A8FB1F /* Sources */ = {
			isa = PBXSourcesBuildPhase;
			buildActionMask = 2147483647;
			files = (
				AFFE43551F2F7A7A00ECAC02 /* PhotosCell.swift in Sources */,
				AFD463D61F2E730D00A8FB1F /* MapVC.swift in Sources */,
				AF4CD3991F2E87BD0025B895 /* DroppablePin.swift in Sources */,
				AFD463D41F2E730D00A8FB1F /* AppDelegate.swift in Sources */,
			);
			runOnlyForDeploymentPostprocessing = 0;
		};
/* End PBXSourcesBuildPhase section */

/* Begin PBXVariantGroup section */
		AFD463D71F2E730D00A8FB1F /* Main.storyboard */ = {
			isa = PBXVariantGroup;
			children = (
				AFD463D81F2E730D00A8FB1F /* Base */,
			);
			name = Main.storyboard;
			sourceTree = "<group>";
		};
		AFD463DC1F2E730D00A8FB1F /* LaunchScreen.storyboard */ = {
			isa = PBXVariantGroup;
			children = (
				AFD463DD1F2E730D00A8FB1F /* Base */,
			);
			name = LaunchScreen.storyboard;
			sourceTree = "<group>";
		};
/* End PBXVariantGroup section */

/* Begin XCBuildConfiguration section */
		AFD463E01F2E730D00A8FB1F /* Debug */ = {
			isa = XCBuildConfiguration;
			buildSettings = {
				ALWAYS_SEARCH_USER_PATHS = NO;
				CLANG_ANALYZER_NONNULL = YES;
				CLANG_ANALYZER_NUMBER_OBJECT_CONVERSION = YES_AGGRESSIVE;
				CLANG_CXX_LANGUAGE_STANDARD = "gnu++14";
				CLANG_CXX_LIBRARY = "libc++";
				CLANG_ENABLE_MODULES = YES;
				CLANG_ENABLE_OBJC_ARC = YES;
				CLANG_WARN_BLOCK_CAPTURE_AUTORELEASING = YES;
				CLANG_WARN_BOOL_CONVERSION = YES;
				CLANG_WARN_COMMA = YES;
				CLANG_WARN_CONSTANT_CONVERSION = YES;
				CLANG_WARN_DIRECT_OBJC_ISA_USAGE = YES_ERROR;
				CLANG_WARN_DOCUMENTATION_COMMENTS = YES;
				CLANG_WARN_EMPTY_BODY = YES;
				CLANG_WARN_ENUM_CONVERSION = YES;
				CLANG_WARN_INFINITE_RECURSION = YES;
				CLANG_WARN_INT_CONVERSION = YES;
				CLANG_WARN_NON_LITERAL_NULL_CONVERSION = YES;
				CLANG_WARN_OBJC_LITERAL_CONVERSION = YES;
				CLANG_WARN_OBJC_ROOT_CLASS = YES_ERROR;
				CLANG_WARN_RANGE_LOOP_ANALYSIS = YES;
				CLANG_WARN_STRICT_PROTOTYPES = YES;
				CLANG_WARN_SUSPICIOUS_MOVE = YES;
				CLANG_WARN_UNGUARDED_AVAILABILITY = YES_AGGRESSIVE;
				CLANG_WARN_UNREACHABLE_CODE = YES;
				CLANG_WARN__DUPLICATE_METHOD_MATCH = YES;
				CODE_SIGN_IDENTITY = "iPhone Developer";
				COPY_PHASE_STRIP = NO;
				DEBUG_INFORMATION_FORMAT = dwarf;
				ENABLE_STRICT_OBJC_MSGSEND = YES;
				ENABLE_TESTABILITY = YES;
				GCC_C_LANGUAGE_STANDARD = gnu11;
				GCC_DYNAMIC_NO_PIC = NO;
				GCC_NO_COMMON_BLOCKS = YES;
				GCC_OPTIMIZATION_LEVEL = 0;
				GCC_PREPROCESSOR_DEFINITIONS = (
					"DEBUG=1",
					"$(inherited)",
				);
				GCC_WARN_64_TO_32_BIT_CONVERSION = YES;
				GCC_WARN_ABOUT_RETURN_TYPE = YES_ERROR;
				GCC_WARN_UNDECLARED_SELECTOR = YES;
				GCC_WARN_UNINITIALIZED_AUTOS = YES_AGGRESSIVE;
				GCC_WARN_UNUSED_FUNCTION = YES;
				GCC_WARN_UNUSED_VARIABLE = YES;
				IPHONEOS_DEPLOYMENT_TARGET = 11.0;
				MTL_ENABLE_DEBUG_INFO = YES;
				ONLY_ACTIVE_ARCH = YES;
				SDKROOT = iphoneos;
				SWIFT_ACTIVE_COMPILATION_CONDITIONS = DEBUG;
				SWIFT_OPTIMIZATION_LEVEL = "-Onone";
			};
			name = Debug;
		};
		AFD463E11F2E730D00A8FB1F /* Release */ = {
			isa = XCBuildConfiguration;
			buildSettings = {
				ALWAYS_SEARCH_USER_PATHS = NO;
				CLANG_ANALYZER_NONNULL = YES;
				CLANG_ANALYZER_NUMBER_OBJECT_CONVERSION = YES_AGGRESSIVE;
				CLANG_CXX_LANGUAGE_STANDARD = "gnu++14";
				CLANG_CXX_LIBRARY = "libc++";
				CLANG_ENABLE_MODULES = YES;
				CLANG_ENABLE_OBJC_ARC = YES;
				CLANG_WARN_BLOCK_CAPTURE_AUTORELEASING = YES;
				CLANG_WARN_BOOL_CONVERSION = YES;
				CLANG_WARN_COMMA = YES;
				CLANG_WARN_CONSTANT_CONVERSION = YES;
				CLANG_WARN_DIRECT_OBJC_ISA_USAGE = YES_ERROR;
				CLANG_WARN_DOCUMENTATION_COMMENTS = YES;
				CLANG_WARN_EMPTY_BODY = YES;
				CLANG_WARN_ENUM_CONVERSION = YES;
				CLANG_WARN_INFINITE_RECURSION = YES;
				CLANG_WARN_INT_CONVERSION = YES;
				CLANG_WARN_NON_LITERAL_NULL_CONVERSION = YES;
				CLANG_WARN_OBJC_LITERAL_CONVERSION = YES;
				CLANG_WARN_OBJC_ROOT_CLASS = YES_ERROR;
				CLANG_WARN_RANGE_LOOP_ANALYSIS = YES;
				CLANG_WARN_STRICT_PROTOTYPES = YES;
				CLANG_WARN_SUSPICIOUS_MOVE = YES;
				CLANG_WARN_UNGUARDED_AVAILABILITY = YES_AGGRESSIVE;
				CLANG_WARN_UNREACHABLE_CODE = YES;
				CLANG_WARN__DUPLICATE_METHOD_MATCH = YES;
				CODE_SIGN_IDENTITY = "iPhone Developer";
				COPY_PHASE_STRIP = NO;
				DEBUG_INFORMATION_FORMAT = "dwarf-with-dsym";
				ENABLE_NS_ASSERTIONS = NO;
				ENABLE_STRICT_OBJC_MSGSEND = YES;
				GCC_C_LANGUAGE_STANDARD = gnu11;
				GCC_NO_COMMON_BLOCKS = YES;
				GCC_WARN_64_TO_32_BIT_CONVERSION = YES;
				GCC_WARN_ABOUT_RETURN_TYPE = YES_ERROR;
				GCC_WARN_UNDECLARED_SELECTOR = YES;
				GCC_WARN_UNINITIALIZED_AUTOS = YES_AGGRESSIVE;
				GCC_WARN_UNUSED_FUNCTION = YES;
				GCC_WARN_UNUSED_VARIABLE = YES;
				IPHONEOS_DEPLOYMENT_TARGET = 11.0;
				MTL_ENABLE_DEBUG_INFO = NO;
				SDKROOT = iphoneos;
				SWIFT_OPTIMIZATION_LEVEL = "-Owholemodule";
				VALIDATE_PRODUCT = YES;
			};
			name = Release;
		};
		AFD463E31F2E730D00A8FB1F /* Debug */ = {
			isa = XCBuildConfiguration;
			baseConfigurationReference = 2C89BC4219A6126322AE03CC /* Pods-pixel-city.debug.xcconfig */;
			buildSettings = {
				ASSETCATALOG_COMPILER_APPICON_NAME = AppIcon;
				INFOPLIST_FILE = "pixel-city/Info.plist";
				LD_RUNPATH_SEARCH_PATHS = "$(inherited) @executable_path/Frameworks";
				PRODUCT_BUNDLE_IDENTIFIER = "m.pixel-city";
				PRODUCT_NAME = "$(TARGET_NAME)";
				SWIFT_VERSION = 4.0;
				TARGETED_DEVICE_FAMILY = "1,2";
			};
			name = Debug;
		};
		AFD463E41F2E730D00A8FB1F /* Release */ = {
			isa = XCBuildConfiguration;
			baseConfigurationReference = 85CB1009BAF0A4D5EB5B68CB /* Pods-pixel-city.release.xcconfig */;
			buildSettings = {
				ASSETCATALOG_COMPILER_APPICON_NAME = AppIcon;
				INFOPLIST_FILE = "pixel-city/Info.plist";
				LD_RUNPATH_SEARCH_PATHS = "$(inherited) @executable_path/Frameworks";
				PRODUCT_BUNDLE_IDENTIFIER = "m.pixel-city";
				PRODUCT_NAME = "$(TARGET_NAME)";
				SWIFT_VERSION = 4.0;
				TARGETED_DEVICE_FAMILY = "1,2";
			};
			name = Release;
		};
/* End XCBuildConfiguration section */

/* Begin XCConfigurationList section */
		AFD463CB1F2E730D00A8FB1F /* Build configuration list for PBXProject "pixel-city" */ = {
			isa = XCConfigurationList;
			buildConfigurations = (
				AFD463E01F2E730D00A8FB1F /* Debug */,
				AFD463E11F2E730D00A8FB1F /* Release */,
			);
			defaultConfigurationIsVisible = 0;
			defaultConfigurationName = Release;
		};
		AFD463E21F2E730D00A8FB1F /* Build configuration list for PBXNativeTarget "pixel-city" */ = {
			isa = XCConfigurationList;
			buildConfigurations = (
				AFD463E31F2E730D00A8FB1F /* Debug */,
				AFD463E41F2E730D00A8FB1F /* Release */,
			);
			defaultConfigurationIsVisible = 0;
			defaultConfigurationName = Release;
		};
/* End XCConfigurationList section */
	};
	rootObject = AFD463C81F2E730D00A8FB1F /* Project object */;
}
